
Microsoft Visual Studio Solution File, Format Version 12.00
# Visual Studio Version 16
VisualStudioVersion = 16.0.30225.117
MinimumVisualStudioVersion = 10.0.40219.1
Project("{FAE04EC0-301F-11D3-BF4B-00C04F79EFBC}") = "EnergyPi.Web", "EnergyPi.Web\EnergyPi.Web.csproj", "{381FA91A-7536-415F-B120-90CA6FD8B12F}"
EndProject
Global
	GlobalSection(SolutionConfigurationPlatforms) = preSolution
		Debug|Any CPU = Debug|Any CPU
		Release|Any CPU = Release|Any CPU
	EndGlobalSection
	GlobalSection(ProjectConfigurationPlatforms) = postSolution
		{381FA91A-7536-415F-B120-90CA6FD8B12F}.Debug|Any CPU.ActiveCfg = Debug|Any CPU
		{381FA91A-7536-415F-B120-90CA6FD8B12F}.Debug|Any CPU.Build.0 = Debug|Any CPU
		{381FA91A-7536-415F-B120-90CA6FD8B12F}.Release|Any CPU.ActiveCfg = Release|Any CPU
		{381FA91A-7536-415F-B120-90CA6FD8B12F}.Release|Any CPU.Build.0 = Release|Any CPU
	EndGlobalSection
	GlobalSection(SolutionProperties) = preSolution
		HideSolutionNode = FALSE
	EndGlobalSection
	GlobalSection(ExtensibilityGlobals) = postSolution
		SolutionGuid = {60AF8BFA-B303-4F55-B56B-03F542AD6E9E}
	EndGlobalSection
EndGlobal
